// !$*UTF8*$!
{
	archiveVersion = 1;
	classes = {
	};
	objectVersion = 55;
	objects = {

/* Begin PBXBuildFile section */
		3D4FE5D927E7B1D500DDC7C7 /* AddAccount.swift in Sources */ = {isa = PBXBuildFile; fileRef = 3D4FE5D827E7B1D400DDC7C7 /* AddAccount.swift */; };
		3D4FE5DB27E7B28E00DDC7C7 /* AccountModel.swift in Sources */ = {isa = PBXBuildFile; fileRef = 3D4FE5DA27E7B28E00DDC7C7 /* AccountModel.swift */; };
		3D4FE62927E7B6A600DDC7C7 /* Data.framework in Frameworks */ = {isa = PBXBuildFile; fileRef = 3D4FE62127E7B6A600DDC7C7 /* Data.framework */; };
		3D4FE62E27E7B6A600DDC7C7 /* DataTests.swift in Sources */ = {isa = PBXBuildFile; fileRef = 3D4FE62D27E7B6A600DDC7C7 /* DataTests.swift */; };
		3D4FE63727E7B6C300DDC7C7 /* Domain.framework in Frameworks */ = {isa = PBXBuildFile; fileRef = 3D4FE5D127E7B18A00DDC7C7 /* Domain.framework */; };
		3D4FE63827E7B6C300DDC7C7 /* Domain.framework in Embed Frameworks */ = {isa = PBXBuildFile; fileRef = 3D4FE5D127E7B18A00DDC7C7 /* Domain.framework */; settings = {ATTRIBUTES = (CodeSignOnCopy, RemoveHeadersOnCopy, ); }; };
/* End PBXBuildFile section */

/* Begin PBXContainerItemProxy section */
		3D4FE62A27E7B6A600DDC7C7 /* PBXContainerItemProxy */ = {
			isa = PBXContainerItemProxy;
			containerPortal = 3D4FE5A927E7B0A200DDC7C7 /* Project object */;
			proxyType = 1;
			remoteGlobalIDString = 3D4FE62027E7B6A600DDC7C7;
			remoteInfo = Data;
		};
		3D4FE63927E7B6C300DDC7C7 /* PBXContainerItemProxy */ = {
			isa = PBXContainerItemProxy;
			containerPortal = 3D4FE5A927E7B0A200DDC7C7 /* Project object */;
			proxyType = 1;
			remoteGlobalIDString = 3D4FE5D027E7B18A00DDC7C7;
			remoteInfo = Domain;
		};
/* End PBXContainerItemProxy section */

/* Begin PBXCopyFilesBuildPhase section */
		3D4FE63B27E7B6C300DDC7C7 /* Embed Frameworks */ = {
			isa = PBXCopyFilesBuildPhase;
			buildActionMask = 2147483647;
			dstPath = "";
			dstSubfolderSpec = 10;
			files = (
				3D4FE63827E7B6C300DDC7C7 /* Domain.framework in Embed Frameworks */,
			);
			name = "Embed Frameworks";
			runOnlyForDeploymentPostprocessing = 0;
		};
/* End PBXCopyFilesBuildPhase section */

/* Begin PBXFileReference section */
		3D4FE5B627E7B0A200DDC7C7 /* CleanArch.docc */ = {isa = PBXFileReference; lastKnownFileType = folder.documentationcatalog; path = CleanArch.docc; sourceTree = "<group>"; };
		3D4FE5D127E7B18A00DDC7C7 /* Domain.framework */ = {isa = PBXFileReference; explicitFileType = wrapper.framework; includeInIndex = 0; path = Domain.framework; sourceTree = BUILT_PRODUCTS_DIR; };
		3D4FE5D827E7B1D400DDC7C7 /* AddAccount.swift */ = {isa = PBXFileReference; lastKnownFileType = sourcecode.swift; path = AddAccount.swift; sourceTree = "<group>"; };
		3D4FE5DA27E7B28E00DDC7C7 /* AccountModel.swift */ = {isa = PBXFileReference; lastKnownFileType = sourcecode.swift; path = AccountModel.swift; sourceTree = "<group>"; };
		3D4FE62127E7B6A600DDC7C7 /* Data.framework */ = {isa = PBXFileReference; explicitFileType = wrapper.framework; includeInIndex = 0; path = Data.framework; sourceTree = BUILT_PRODUCTS_DIR; };
		3D4FE62827E7B6A600DDC7C7 /* DataTests.xctest */ = {isa = PBXFileReference; explicitFileType = wrapper.cfbundle; includeInIndex = 0; path = DataTests.xctest; sourceTree = BUILT_PRODUCTS_DIR; };
		3D4FE62D27E7B6A600DDC7C7 /* DataTests.swift */ = {isa = PBXFileReference; lastKnownFileType = sourcecode.swift; path = DataTests.swift; sourceTree = "<group>"; };
/* End PBXFileReference section */

/* Begin PBXFrameworksBuildPhase section */
		3D4FE5CE27E7B18A00DDC7C7 /* Frameworks */ = {
			isa = PBXFrameworksBuildPhase;
			buildActionMask = 2147483647;
			files = (
			);
			runOnlyForDeploymentPostprocessing = 0;
		};
		3D4FE61E27E7B6A600DDC7C7 /* Frameworks */ = {
			isa = PBXFrameworksBuildPhase;
			buildActionMask = 2147483647;
			files = (
				3D4FE63727E7B6C300DDC7C7 /* Domain.framework in Frameworks */,
			);
			runOnlyForDeploymentPostprocessing = 0;
		};
		3D4FE62527E7B6A600DDC7C7 /* Frameworks */ = {
			isa = PBXFrameworksBuildPhase;
			buildActionMask = 2147483647;
			files = (
				3D4FE62927E7B6A600DDC7C7 /* Data.framework in Frameworks */,
			);
			runOnlyForDeploymentPostprocessing = 0;
		};
/* End PBXFrameworksBuildPhase section */

/* Begin PBXGroup section */
		3D4FE5A827E7B0A200DDC7C7 = {
			isa = PBXGroup;
			children = (
				3D4FE5B427E7B0A200DDC7C7 /* CleanArch */,
				3D4FE5D227E7B18A00DDC7C7 /* Domain */,
				3D4FE62227E7B6A600DDC7C7 /* Data */,
				3D4FE62C27E7B6A600DDC7C7 /* DataTests */,
				3D4FE5B327E7B0A200DDC7C7 /* Products */,
				3D4FE63627E7B6BD00DDC7C7 /* Frameworks */,
			);
			sourceTree = "<group>";
		};
		3D4FE5B327E7B0A200DDC7C7 /* Products */ = {
			isa = PBXGroup;
			children = (
				3D4FE5D127E7B18A00DDC7C7 /* Domain.framework */,
				3D4FE62127E7B6A600DDC7C7 /* Data.framework */,
				3D4FE62827E7B6A600DDC7C7 /* DataTests.xctest */,
			);
			name = Products;
			sourceTree = "<group>";
		};
		3D4FE5B427E7B0A200DDC7C7 /* CleanArch */ = {
			isa = PBXGroup;
			children = (
				3D4FE5B627E7B0A200DDC7C7 /* CleanArch.docc */,
			);
			path = CleanArch;
			sourceTree = "<group>";
		};
		3D4FE5D227E7B18A00DDC7C7 /* Domain */ = {
			isa = PBXGroup;
			children = (
				3D4FE5D827E7B1D400DDC7C7 /* AddAccount.swift */,
				3D4FE5DA27E7B28E00DDC7C7 /* AccountModel.swift */,
			);
			path = Domain;
			sourceTree = "<group>";
		};
		3D4FE62227E7B6A600DDC7C7 /* Data */ = {
			isa = PBXGroup;
			children = (
			);
			path = Data;
			sourceTree = "<group>";
		};
		3D4FE62C27E7B6A600DDC7C7 /* DataTests */ = {
			isa = PBXGroup;
			children = (
				3D4FE62D27E7B6A600DDC7C7 /* DataTests.swift */,
			);
			path = DataTests;
			sourceTree = "<group>";
		};
		3D4FE63627E7B6BD00DDC7C7 /* Frameworks */ = {
			isa = PBXGroup;
			children = (
			);
			name = Frameworks;
			sourceTree = "<group>";
		};
/* End PBXGroup section */

/* Begin PBXHeadersBuildPhase section */
		3D4FE5CC27E7B18A00DDC7C7 /* Headers */ = {
			isa = PBXHeadersBuildPhase;
			buildActionMask = 2147483647;
			files = (
			);
			runOnlyForDeploymentPostprocessing = 0;
		};
		3D4FE61C27E7B6A600DDC7C7 /* Headers */ = {
			isa = PBXHeadersBuildPhase;
			buildActionMask = 2147483647;
			files = (
			);
			runOnlyForDeploymentPostprocessing = 0;
		};
/* End PBXHeadersBuildPhase section */

/* Begin PBXNativeTarget section */
		3D4FE5D027E7B18A00DDC7C7 /* Domain */ = {
			isa = PBXNativeTarget;
			buildConfigurationList = 3D4FE5D527E7B18A00DDC7C7 /* Build configuration list for PBXNativeTarget "Domain" */;
			buildPhases = (
				3D4FE5CC27E7B18A00DDC7C7 /* Headers */,
				3D4FE5CD27E7B18A00DDC7C7 /* Sources */,
				3D4FE5CE27E7B18A00DDC7C7 /* Frameworks */,
				3D4FE5CF27E7B18A00DDC7C7 /* Resources */,
			);
			buildRules = (
			);
			dependencies = (
			);
			name = Domain;
			productName = Domain;
			productReference = 3D4FE5D127E7B18A00DDC7C7 /* Domain.framework */;
			productType = "com.apple.product-type.framework";
		};
		3D4FE62027E7B6A600DDC7C7 /* Data */ = {
			isa = PBXNativeTarget;
			buildConfigurationList = 3D4FE63027E7B6A600DDC7C7 /* Build configuration list for PBXNativeTarget "Data" */;
			buildPhases = (
				3D4FE61C27E7B6A600DDC7C7 /* Headers */,
				3D4FE61D27E7B6A600DDC7C7 /* Sources */,
				3D4FE61E27E7B6A600DDC7C7 /* Frameworks */,
				3D4FE61F27E7B6A600DDC7C7 /* Resources */,
				3D4FE63B27E7B6C300DDC7C7 /* Embed Frameworks */,
			);
			buildRules = (
			);
			dependencies = (
				3D4FE63A27E7B6C300DDC7C7 /* PBXTargetDependency */,
			);
			name = Data;
			productName = Data;
			productReference = 3D4FE62127E7B6A600DDC7C7 /* Data.framework */;
			productType = "com.apple.product-type.framework";
		};
		3D4FE62727E7B6A600DDC7C7 /* DataTests */ = {
			isa = PBXNativeTarget;
			buildConfigurationList = 3D4FE63327E7B6A600DDC7C7 /* Build configuration list for PBXNativeTarget "DataTests" */;
			buildPhases = (
				3D4FE62427E7B6A600DDC7C7 /* Sources */,
				3D4FE62527E7B6A600DDC7C7 /* Frameworks */,
				3D4FE62627E7B6A600DDC7C7 /* Resources */,
			);
			buildRules = (
			);
			dependencies = (
				3D4FE62B27E7B6A600DDC7C7 /* PBXTargetDependency */,
			);
			name = DataTests;
			productName = DataTests;
			productReference = 3D4FE62827E7B6A600DDC7C7 /* DataTests.xctest */;
			productType = "com.apple.product-type.bundle.unit-test";
		};
/* End PBXNativeTarget section */

/* Begin PBXProject section */
		3D4FE5A927E7B0A200DDC7C7 /* Project object */ = {
			isa = PBXProject;
			attributes = {
				BuildIndependentTargetsInParallel = 1;
				LastSwiftUpdateCheck = 1330;
				LastUpgradeCheck = 1330;
				TargetAttributes = {
					3D4FE5D027E7B18A00DDC7C7 = {
						CreatedOnToolsVersion = 13.3;
						LastSwiftMigration = 1330;
					};
					3D4FE62027E7B6A600DDC7C7 = {
						CreatedOnToolsVersion = 13.3;
					};
					3D4FE62727E7B6A600DDC7C7 = {
						CreatedOnToolsVersion = 13.3;
					};
				};
			};
			buildConfigurationList = 3D4FE5AC27E7B0A200DDC7C7 /* Build configuration list for PBXProject "CleanArch" */;
			compatibilityVersion = "Xcode 13.0";
			developmentRegion = en;
			hasScannedForEncodings = 0;
			knownRegions = (
				en,
				Base,
			);
			mainGroup = 3D4FE5A827E7B0A200DDC7C7;
			productRefGroup = 3D4FE5B327E7B0A200DDC7C7 /* Products */;
			projectDirPath = "";
			projectRoot = "";
			targets = (
				3D4FE5D027E7B18A00DDC7C7 /* Domain */,
				3D4FE62027E7B6A600DDC7C7 /* Data */,
				3D4FE62727E7B6A600DDC7C7 /* DataTests */,
			);
		};
/* End PBXProject section */

/* Begin PBXResourcesBuildPhase section */
		3D4FE5CF27E7B18A00DDC7C7 /* Resources */ = {
			isa = PBXResourcesBuildPhase;
			buildActionMask = 2147483647;
			files = (
			);
			runOnlyForDeploymentPostprocessing = 0;
		};
		3D4FE61F27E7B6A600DDC7C7 /* Resources */ = {
			isa = PBXResourcesBuildPhase;
			buildActionMask = 2147483647;
			files = (
			);
			runOnlyForDeploymentPostprocessing = 0;
		};
		3D4FE62627E7B6A600DDC7C7 /* Resources */ = {
			isa = PBXResourcesBuildPhase;
			buildActionMask = 2147483647;
			files = (
			);
			runOnlyForDeploymentPostprocessing = 0;
		};
/* End PBXResourcesBuildPhase section */

/* Begin PBXSourcesBuildPhase section */
		3D4FE5CD27E7B18A00DDC7C7 /* Sources */ = {
			isa = PBXSourcesBuildPhase;
			buildActionMask = 2147483647;
			files = (
				3D4FE5D927E7B1D500DDC7C7 /* AddAccount.swift in Sources */,
				3D4FE5DB27E7B28E00DDC7C7 /* AccountModel.swift in Sources */,
			);
			runOnlyForDeploymentPostprocessing = 0;
		};
		3D4FE61D27E7B6A600DDC7C7 /* Sources */ = {
			isa = PBXSourcesBuildPhase;
			buildActionMask = 2147483647;
			files = (
			);
			runOnlyForDeploymentPostprocessing = 0;
		};
		3D4FE62427E7B6A600DDC7C7 /* Sources */ = {
			isa = PBXSourcesBuildPhase;
			buildActionMask = 2147483647;
			files = (
				3D4FE62E27E7B6A600DDC7C7 /* DataTests.swift in Sources */,
			);
			runOnlyForDeploymentPostprocessing = 0;
		};
/* End PBXSourcesBuildPhase section */

/* Begin PBXTargetDependency section */
		3D4FE62B27E7B6A600DDC7C7 /* PBXTargetDependency */ = {
			isa = PBXTargetDependency;
			target = 3D4FE62027E7B6A600DDC7C7 /* Data */;
			targetProxy = 3D4FE62A27E7B6A600DDC7C7 /* PBXContainerItemProxy */;
		};
		3D4FE63A27E7B6C300DDC7C7 /* PBXTargetDependency */ = {
			isa = PBXTargetDependency;
			target = 3D4FE5D027E7B18A00DDC7C7 /* Domain */;
			targetProxy = 3D4FE63927E7B6C300DDC7C7 /* PBXContainerItemProxy */;
		};
/* End PBXTargetDependency section */

/* Begin XCBuildConfiguration section */
		3D4FE5C427E7B0A200DDC7C7 /* Debug */ = {
			isa = XCBuildConfiguration;
			buildSettings = {
				ALWAYS_SEARCH_USER_PATHS = NO;
				CLANG_ANALYZER_NONNULL = YES;
				CLANG_ANALYZER_NUMBER_OBJECT_CONVERSION = YES_AGGRESSIVE;
				CLANG_CXX_LANGUAGE_STANDARD = "gnu++17";
				CLANG_ENABLE_MODULES = YES;
				CLANG_ENABLE_OBJC_ARC = YES;
				CLANG_ENABLE_OBJC_WEAK = YES;
				CLANG_WARN_BLOCK_CAPTURE_AUTORELEASING = YES;
				CLANG_WARN_BOOL_CONVERSION = YES;
				CLANG_WARN_COMMA = YES;
				CLANG_WARN_CONSTANT_CONVERSION = YES;
				CLANG_WARN_DEPRECATED_OBJC_IMPLEMENTATIONS = YES;
				CLANG_WARN_DIRECT_OBJC_ISA_USAGE = YES_ERROR;
				CLANG_WARN_DOCUMENTATION_COMMENTS = YES;
				CLANG_WARN_EMPTY_BODY = YES;
				CLANG_WARN_ENUM_CONVERSION = YES;
				CLANG_WARN_INFINITE_RECURSION = YES;
				CLANG_WARN_INT_CONVERSION = YES;
				CLANG_WARN_NON_LITERAL_NULL_CONVERSION = YES;
				CLANG_WARN_OBJC_IMPLICIT_RETAIN_SELF = YES;
				CLANG_WARN_OBJC_LITERAL_CONVERSION = YES;
				CLANG_WARN_OBJC_ROOT_CLASS = YES_ERROR;
				CLANG_WARN_QUOTED_INCLUDE_IN_FRAMEWORK_HEADER = YES;
				CLANG_WARN_RANGE_LOOP_ANALYSIS = YES;
				CLANG_WARN_STRICT_PROTOTYPES = YES;
				CLANG_WARN_SUSPICIOUS_MOVE = YES;
				CLANG_WARN_UNGUARDED_AVAILABILITY = YES_AGGRESSIVE;
				CLANG_WARN_UNREACHABLE_CODE = YES;
				CLANG_WARN__DUPLICATE_METHOD_MATCH = YES;
				COPY_PHASE_STRIP = NO;
				CURRENT_PROJECT_VERSION = 1;
				DEBUG_INFORMATION_FORMAT = dwarf;
				ENABLE_STRICT_OBJC_MSGSEND = YES;
				ENABLE_TESTABILITY = YES;
				GCC_C_LANGUAGE_STANDARD = gnu11;
				GCC_DYNAMIC_NO_PIC = NO;
				GCC_NO_COMMON_BLOCKS = YES;
				GCC_OPTIMIZATION_LEVEL = 0;
				GCC_PREPROCESSOR_DEFINITIONS = (
					"DEBUG=1",
					"$(inherited)",
				);
				GCC_WARN_64_TO_32_BIT_CONVERSION = YES;
				GCC_WARN_ABOUT_RETURN_TYPE = YES_ERROR;
				GCC_WARN_UNDECLARED_SELECTOR = YES;
				GCC_WARN_UNINITIALIZED_AUTOS = YES_AGGRESSIVE;
				GCC_WARN_UNUSED_FUNCTION = YES;
				GCC_WARN_UNUSED_VARIABLE = YES;
				IPHONEOS_DEPLOYMENT_TARGET = 15.4;
				MTL_ENABLE_DEBUG_INFO = INCLUDE_SOURCE;
				MTL_FAST_MATH = YES;
				ONLY_ACTIVE_ARCH = YES;
				SDKROOT = iphoneos;
				SWIFT_ACTIVE_COMPILATION_CONDITIONS = DEBUG;
				SWIFT_OPTIMIZATION_LEVEL = "-Onone";
				VERSIONING_SYSTEM = "apple-generic";
				VERSION_INFO_PREFIX = "";
			};
			name = Debug;
		};
		3D4FE5C527E7B0A200DDC7C7 /* Release */ = {
			isa = XCBuildConfiguration;
			buildSettings = {
				ALWAYS_SEARCH_USER_PATHS = NO;
				CLANG_ANALYZER_NONNULL = YES;
				CLANG_ANALYZER_NUMBER_OBJECT_CONVERSION = YES_AGGRESSIVE;
				CLANG_CXX_LANGUAGE_STANDARD = "gnu++17";
				CLANG_ENABLE_MODULES = YES;
				CLANG_ENABLE_OBJC_ARC = YES;
				CLANG_ENABLE_OBJC_WEAK = YES;
				CLANG_WARN_BLOCK_CAPTURE_AUTORELEASING = YES;
				CLANG_WARN_BOOL_CONVERSION = YES;
				CLANG_WARN_COMMA = YES;
				CLANG_WARN_CONSTANT_CONVERSION = YES;
				CLANG_WARN_DEPRECATED_OBJC_IMPLEMENTATIONS = YES;
				CLANG_WARN_DIRECT_OBJC_ISA_USAGE = YES_ERROR;
				CLANG_WARN_DOCUMENTATION_COMMENTS = YES;
				CLANG_WARN_EMPTY_BODY = YES;
				CLANG_WARN_ENUM_CONVERSION = YES;
				CLANG_WARN_INFINITE_RECURSION = YES;
				CLANG_WARN_INT_CONVERSION = YES;
				CLANG_WARN_NON_LITERAL_NULL_CONVERSION = YES;
				CLANG_WARN_OBJC_IMPLICIT_RETAIN_SELF = YES;
				CLANG_WARN_OBJC_LITERAL_CONVERSION = YES;
				CLANG_WARN_OBJC_ROOT_CLASS = YES_ERROR;
				CLANG_WARN_QUOTED_INCLUDE_IN_FRAMEWORK_HEADER = YES;
				CLANG_WARN_RANGE_LOOP_ANALYSIS = YES;
				CLANG_WARN_STRICT_PROTOTYPES = YES;
				CLANG_WARN_SUSPICIOUS_MOVE = YES;
				CLANG_WARN_UNGUARDED_AVAILABILITY = YES_AGGRESSIVE;
				CLANG_WARN_UNREACHABLE_CODE = YES;
				CLANG_WARN__DUPLICATE_METHOD_MATCH = YES;
				COPY_PHASE_STRIP = NO;
				CURRENT_PROJECT_VERSION = 1;
				DEBUG_INFORMATION_FORMAT = "dwarf-with-dsym";
				ENABLE_NS_ASSERTIONS = NO;
				ENABLE_STRICT_OBJC_MSGSEND = YES;
				GCC_C_LANGUAGE_STANDARD = gnu11;
				GCC_NO_COMMON_BLOCKS = YES;
				GCC_WARN_64_TO_32_BIT_CONVERSION = YES;
				GCC_WARN_ABOUT_RETURN_TYPE = YES_ERROR;
				GCC_WARN_UNDECLARED_SELECTOR = YES;
				GCC_WARN_UNINITIALIZED_AUTOS = YES_AGGRESSIVE;
				GCC_WARN_UNUSED_FUNCTION = YES;
				GCC_WARN_UNUSED_VARIABLE = YES;
				IPHONEOS_DEPLOYMENT_TARGET = 15.4;
				MTL_ENABLE_DEBUG_INFO = NO;
				MTL_FAST_MATH = YES;
				SDKROOT = iphoneos;
				SWIFT_COMPILATION_MODE = wholemodule;
				SWIFT_OPTIMIZATION_LEVEL = "-O";
				VALIDATE_PRODUCT = YES;
				VERSIONING_SYSTEM = "apple-generic";
				VERSION_INFO_PREFIX = "";
			};
			name = Release;
		};
		3D4FE5D627E7B18A00DDC7C7 /* Debug */ = {
			isa = XCBuildConfiguration;
			buildSettings = {
				CLANG_ENABLE_MODULES = YES;
				CODE_SIGN_STYLE = Automatic;
				COMBINE_HIDPI_IMAGES = YES;
				CURRENT_PROJECT_VERSION = 1;
				DEFINES_MODULE = YES;
				DEVELOPMENT_TEAM = KFXR7P622C;
				DYLIB_COMPATIBILITY_VERSION = 1;
				DYLIB_CURRENT_VERSION = 1;
				DYLIB_INSTALL_NAME_BASE = "@rpath";
				GENERATE_INFOPLIST_FILE = YES;
				INFOPLIST_KEY_NSHumanReadableCopyright = "";
				INSTALL_PATH = "$(LOCAL_LIBRARY_DIR)/Frameworks";
				LD_RUNPATH_SEARCH_PATHS = (
					"$(inherited)",
					"@executable_path/../Frameworks",
					"@loader_path/Frameworks",
				);
				MACOSX_DEPLOYMENT_TARGET = 12.2;
				MARKETING_VERSION = 1.0;
				PRODUCT_BUNDLE_IDENTIFIER = william.Domain;
				PRODUCT_NAME = "$(TARGET_NAME:c99extidentifier)";
				SDKROOT = macosx;
				SKIP_INSTALL = YES;
				SWIFT_EMIT_LOC_STRINGS = YES;
				SWIFT_OPTIMIZATION_LEVEL = "-Onone";
				SWIFT_VERSION = 5.0;
			};
			name = Debug;
		};
		3D4FE5D727E7B18A00DDC7C7 /* Release */ = {
			isa = XCBuildConfiguration;
			buildSettings = {
				CLANG_ENABLE_MODULES = YES;
				CODE_SIGN_STYLE = Automatic;
				COMBINE_HIDPI_IMAGES = YES;
				CURRENT_PROJECT_VERSION = 1;
				DEFINES_MODULE = YES;
				DEVELOPMENT_TEAM = KFXR7P622C;
				DYLIB_COMPATIBILITY_VERSION = 1;
				DYLIB_CURRENT_VERSION = 1;
				DYLIB_INSTALL_NAME_BASE = "@rpath";
				GENERATE_INFOPLIST_FILE = YES;
				INFOPLIST_KEY_NSHumanReadableCopyright = "";
				INSTALL_PATH = "$(LOCAL_LIBRARY_DIR)/Frameworks";
				LD_RUNPATH_SEARCH_PATHS = (
					"$(inherited)",
					"@executable_path/../Frameworks",
					"@loader_path/Frameworks",
				);
				MACOSX_DEPLOYMENT_TARGET = 12.2;
				MARKETING_VERSION = 1.0;
				PRODUCT_BUNDLE_IDENTIFIER = william.Domain;
				PRODUCT_NAME = "$(TARGET_NAME:c99extidentifier)";
				SDKROOT = macosx;
				SKIP_INSTALL = YES;
				SWIFT_EMIT_LOC_STRINGS = YES;
				SWIFT_VERSION = 5.0;
			};
			name = Release;
		};
		3D4FE63127E7B6A600DDC7C7 /* Debug */ = {
			isa = XCBuildConfiguration;
			buildSettings = {
				CODE_SIGN_STYLE = Automatic;
				COMBINE_HIDPI_IMAGES = YES;
				CURRENT_PROJECT_VERSION = 1;
				DEFINES_MODULE = YES;
				DEVELOPMENT_TEAM = KFXR7P622C;
				DYLIB_COMPATIBILITY_VERSION = 1;
				DYLIB_CURRENT_VERSION = 1;
				DYLIB_INSTALL_NAME_BASE = "@rpath";
				GENERATE_INFOPLIST_FILE = YES;
				INFOPLIST_KEY_NSHumanReadableCopyright = "";
				INSTALL_PATH = "$(LOCAL_LIBRARY_DIR)/Frameworks";
				LD_RUNPATH_SEARCH_PATHS = (
					"$(inherited)",
					"@executable_path/../Frameworks",
					"@loader_path/Frameworks",
				);
				MACOSX_DEPLOYMENT_TARGET = 12.2;
				MARKETING_VERSION = 1.0;
				PRODUCT_BUNDLE_IDENTIFIER = william.Data;
				PRODUCT_NAME = "$(TARGET_NAME:c99extidentifier)";
				SDKROOT = macosx;
				SKIP_INSTALL = YES;
				SWIFT_EMIT_LOC_STRINGS = YES;
				SWIFT_VERSION = 5.0;
			};
			name = Debug;
		};
		3D4FE63227E7B6A600DDC7C7 /* Release */ = {
			isa = XCBuildConfiguration;
			buildSettings = {
				CODE_SIGN_STYLE = Automatic;
				COMBINE_HIDPI_IMAGES = YES;
				CURRENT_PROJECT_VERSION = 1;
				DEFINES_MODULE = YES;
				DEVELOPMENT_TEAM = KFXR7P622C;
				DYLIB_COMPATIBILITY_VERSION = 1;
				DYLIB_CURRENT_VERSION = 1;
				DYLIB_INSTALL_NAME_BASE = "@rpath";
				GENERATE_INFOPLIST_FILE = YES;
				INFOPLIST_KEY_NSHumanReadableCopyright = "";
				INSTALL_PATH = "$(LOCAL_LIBRARY_DIR)/Frameworks";
				LD_RUNPATH_SEARCH_PATHS = (
					"$(inherited)",
					"@executable_path/../Frameworks",
					"@loader_path/Frameworks",
				);
				MACOSX_DEPLOYMENT_TARGET = 12.2;
				MARKETING_VERSION = 1.0;
				PRODUCT_BUNDLE_IDENTIFIER = william.Data;
				PRODUCT_NAME = "$(TARGET_NAME:c99extidentifier)";
				SDKROOT = macosx;
				SKIP_INSTALL = YES;
				SWIFT_EMIT_LOC_STRINGS = YES;
				SWIFT_VERSION = 5.0;
			};
			name = Release;
		};
		3D4FE63427E7B6A600DDC7C7 /* Debug */ = {
			isa = XCBuildConfiguration;
			buildSettings = {
				CODE_SIGN_STYLE = Automatic;
				CURRENT_PROJECT_VERSION = 1;
				DEVELOPMENT_TEAM = KFXR7P622C;
				GENERATE_INFOPLIST_FILE = YES;
				MACOSX_DEPLOYMENT_TARGET = 12.2;
				MARKETING_VERSION = 1.0;
				PRODUCT_BUNDLE_IDENTIFIER = william.DataTests;
				PRODUCT_NAME = "$(TARGET_NAME)";
				SDKROOT = macosx;
				SWIFT_EMIT_LOC_STRINGS = NO;
				SWIFT_VERSION = 5.0;
			};
			name = Debug;
		};
		3D4FE63527E7B6A600DDC7C7 /* Release */ = {
			isa = XCBuildConfiguration;
			buildSettings = {
				CODE_SIGN_STYLE = Automatic;
				CURRENT_PROJECT_VERSION = 1;
				DEVELOPMENT_TEAM = KFXR7P622C;
				GENERATE_INFOPLIST_FILE = YES;
				MACOSX_DEPLOYMENT_TARGET = 12.2;
				MARKETING_VERSION = 1.0;
				PRODUCT_BUNDLE_IDENTIFIER = william.DataTests;
				PRODUCT_NAME = "$(TARGET_NAME)";
				SDKROOT = macosx;
				SWIFT_EMIT_LOC_STRINGS = NO;
				SWIFT_VERSION = 5.0;
			};
			name = Release;
		};
/* End XCBuildConfiguration section */

/* Begin XCConfigurationList section */
		3D4FE5AC27E7B0A200DDC7C7 /* Build configuration list for PBXProject "CleanArch" */ = {
			isa = XCConfigurationList;
			buildConfigurations = (
				3D4FE5C427E7B0A200DDC7C7 /* Debug */,
				3D4FE5C527E7B0A200DDC7C7 /* Release */,
			);
			defaultConfigurationIsVisible = 0;
			defaultConfigurationName = Release;
		};
		3D4FE5D527E7B18A00DDC7C7 /* Build configuration list for PBXNativeTarget "Domain" */ = {
			isa = XCConfigurationList;
			buildConfigurations = (
				3D4FE5D627E7B18A00DDC7C7 /* Debug */,
				3D4FE5D727E7B18A00DDC7C7 /* Release */,
			);
			defaultConfigurationIsVisible = 0;
			defaultConfigurationName = Release;
		};
		3D4FE63027E7B6A600DDC7C7 /* Build configuration list for PBXNativeTarget "Data" */ = {
			isa = XCConfigurationList;
			buildConfigurations = (
				3D4FE63127E7B6A600DDC7C7 /* Debug */,
				3D4FE63227E7B6A600DDC7C7 /* Release */,
			);
			defaultConfigurationIsVisible = 0;
			defaultConfigurationName = Release;
		};
		3D4FE63327E7B6A600DDC7C7 /* Build configuration list for PBXNativeTarget "DataTests" */ = {
			isa = XCConfigurationList;
			buildConfigurations = (
				3D4FE63427E7B6A600DDC7C7 /* Debug */,
				3D4FE63527E7B6A600DDC7C7 /* Release */,
			);
			defaultConfigurationIsVisible = 0;
			defaultConfigurationName = Release;
		};
/* End XCConfigurationList section */
	};
	rootObject = 3D4FE5A927E7B0A200DDC7C7 /* Project object */;
}
